
Microsoft Visual Studio Solution File, Format Version 12.00
# Visual Studio Version 17
VisualStudioVersion = 17.8.34330.188
MinimumVisualStudioVersion = 10.0.40219.1
Project("{FAE04EC0-301F-11D3-BF4B-00C04F79EFBC}") = "VanellopeLand4", "VanellopeLand4\VanellopeLand4.csproj", "{AA547663-0939-427A-8800-43AB07388053}"
EndProject
Global
	GlobalSection(SolutionConfigurationPlatforms) = preSolution
		Debug|Any CPU = Debug|Any CPU
		Release|Any CPU = Release|Any CPU
	EndGlobalSection
	GlobalSection(ProjectConfigurationPlatforms) = postSolution
		{AA547663-0939-427A-8800-43AB07388053}.Debug|Any CPU.ActiveCfg = Debug|Any CPU
		{AA547663-0939-427A-8800-43AB07388053}.Debug|Any CPU.Build.0 = Debug|Any CPU
		{AA547663-0939-427A-8800-43AB07388053}.Release|Any CPU.ActiveCfg = Release|Any CPU
		{AA547663-0939-427A-8800-43AB07388053}.Release|Any CPU.Build.0 = Release|Any CPU
	EndGlobalSection
	GlobalSection(SolutionProperties) = preSolution
		HideSolutionNode = FALSE
	EndGlobalSection
	GlobalSection(ExtensibilityGlobals) = postSolution
		SolutionGuid = {0A175D27-D139-4822-A438-789F29E0A150}
	EndGlobalSection
EndGlobal
